{
  "name": "jobscanner",
  "lockfileVersion": 3,
  "requires": true,
  "packages": {
    "": {
      "dependencies": {
        "@playwright/mcp": "^0.0.75",
        "yaml": "^2.5.0"
      },
      "devDependencies": {
        "@playwright/test": "^1.60.0",
        "hyparquet": "^1.26.0",
        "hyparquet-writer": "^0.15.6"
      }
    },
    "node_modules/@playwright/mcp": {
      "version": "0.0.75",
      "resolved": "https://registry.npmjs.org/@playwright/mcp/-/mcp-0.0.75.tgz",
      "integrity": "sha512-oBjzVXfEGZ9Ev45tKKQULNDVdF83B82lg0uPejEK3xsp/zWmdNdNVnPi032fmd/o20ZZXs+LX7cr77qRNbV4VA==",
      "license": "Apache-2.0",
      "dependencies": {
        "playwright": "1.61.0-alpha-1778188671000",
        "playwright-core": "1.61.0-alpha-1778188671000"
      },
      "bin": {
        "playwright-mcp": "cli.js"
      },
      "engines": {
        "node": ">=18"
      }
    },
    "node_modules/@playwright/test": {
      "version": "1.60.0",
      "resolved": "https://registry.npmjs.org/@playwright/test/-/test-1.60.0.tgz",
      "integrity": "sha512-O71yZIbAh/PxDMNGns37GHBIfrVkEVyn+AXyIa5dOTfb4/xNvRWV+Vv/NMbNCtODB/pO7vLlF2OTmMVLhmr7Ag==",
      "dev": true,
      "license": "Apache-2.0",
      "dependencies": {
        "playwright": "1.60.0"
      },
      "bin": {
        "playwright": "cli.js"
      },
      "engines": {
        "node": ">=18"
      }
    },
    "node_modules/@playwright/test/node_modules/playwright": {
      "version": "1.60.0",
      "resolved": "https://registry.npmjs.org/playwright/-/playwright-1.60.0.tgz",
      "integrity": "sha512-hheHdokM8cdqCb0lcE3s+zT4t4W+vvjpGxsZlDnikarzx8tSzMebh3UiFtgqwFwnTnjYQcsyMF8ei2mCO/tpeA==",
      "dev": true,
      "license": "Apache-2.0",
      "dependencies": {
        "playwright-core": "1.60.0"
      },
      "bin": {
        "playwright": "cli.js"
      },
      "engines": {
        "node": ">=18"
      },
      "optionalDependencies": {
        "fsevents": "2.3.2"
      }
    },
    "node_modules/@playwright/test/node_modules/playwright-core": {
      "version": "1.60.0",
      "resolved": "https://registry.npmjs.org/playwright-core/-/playwright-core-1.60.0.tgz",
      "integrity": "sha512-9bW6zvX/m0lEbgTKJ6YppOKx8H3VOPBMOCFh2irXFOT4BbHgrx5hPjwJYLT40Lu+4qtD36qKc/Hn56StUW57IA==",
      "dev": true,
      "license": "Apache-2.0",
      "bin": {
        "playwright-core": "cli.js"
      },
      "engines": {
        "node": ">=18"
      }
    },
    "node_modules/fsevents": {
      "version": "2.3.2",
      "resolved": "https://registry.npmjs.org/fsevents/-/fsevents-2.3.2.tgz",
      "integrity": "sha512-xiqMQR4xAeHTuB9uWm+fFRcIOgKBMiOBP+eXiyT7jsgVCq1bkVygt00oASowB7EdtpOHaaPgKt812P9ab+DDKA==",
      "hasInstallScript": true,
      "license": "MIT",
      "optional": true,
      "os": [
        "darwin"
      ],
      "engines": {
        "node": "^8.16.0 || ^10.6.0 || >=11.0.0"
      }
    },
    "node_modules/hyparquet": {
      "version": "1.26.0",
      "resolved": "https://registry.npmjs.org/hyparquet/-/hyparquet-1.26.0.tgz",
      "integrity": "sha512-yxUiViPZ+z5h+xdX4rA1G+k30jXoEsG9I2xEpjaM84imGznbKjZzxuZFsdzqg6C4LxNnnAlDFvzpk4uxQWTbTQ==",
      "dev": true,
      "license": "MIT"
    },
    "node_modules/hyparquet-writer": {
      "version": "0.15.6",
      "resolved": "https://registry.npmjs.org/hyparquet-writer/-/hyparquet-writer-0.15.6.tgz",
      "integrity": "sha512-fRjEEePceAwowCTX8p/CTDdsAzLFbfDhCAoLK5s1H+V54RGcQMuscfH/MFMy7S3bXRdkGsbe3fqImG/mdlz9cg==",
      "dev": true,
      "license": "MIT",
      "dependencies": {
        "hyparquet": "1.26.0"
      }
    },
    "node_modules/playwright": {
      "version": "1.61.0-alpha-1778188671000",
      "resolved": "https://registry.npmjs.org/playwright/-/playwright-1.61.0-alpha-1778188671000.tgz",
      "integrity": "sha512-A6fFc7ExLRmvm0ZHqCyY2uHXSvEdpb8W+/HyIPK4ecRqNil8Mc1Vig1WFYoqk82x3+U9Qb571fQE95wgKqIQ1g==",
      "license": "Apache-2.0",
      "dependencies": {
        "playwright-core": "1.61.0-alpha-1778188671000"
      },
      "bin": {
        "playwright": "cli.js"
      },
      "engines": {
        "node": ">=18"
      },
      "optionalDependencies": {
        "fsevents": "2.3.2"
      }
    },
    "node_modules/playwright-core": {
      "version": "1.61.0-alpha-1778188671000",
      "resolved": "https://registry.npmjs.org/playwright-core/-/playwright-core-1.61.0-alpha-1778188671000.tgz",
      "integrity": "sha512-nsw2Crz0uZS3IRHiEcOXUt+RaKB/Hna+GAD4oD6cPqCHfJfW77cJdgktC0jzp3Ndyv23EJI3bcWSqFIiqSNE5A==",
      "license": "Apache-2.0",
      "bin": {
        "playwright-core": "cli.js"
      },
      "engines": {
        "node": ">=18"
      }
    },
    "node_modules/yaml": {
      "version": "2.9.0",
      "resolved": "https://registry.npmjs.org/yaml/-/yaml-2.9.0.tgz",
      "integrity": "sha512-2AvhNX3mb8zd6Zy7INTtSpl1F15HW6Wnqj0srWlkKLcpYl/gMIMJiyuGq2KeI2YFxUPjdlB+3Lc10seMLtL4cA==",
      "license": "ISC",
      "bin": {
        "yaml": "bin.mjs"
      },
      "engines": {
        "node": ">= 14.6"
      },
      "funding": {
        "url": "https://github.com/sponsors/eemeli"
      }
    }
  }
}
